
Microsoft Visual Studio Solution File, Format Version 12.00
# Visual Studio Version 16
VisualStudioVersion = 16.0.30717.126
MinimumVisualStudioVersion = 10.0.40219.1
Project("{FAE04EC0-301F-11D3-BF4B-00C04F79EFBC}") = "BatteryAlarmStatus", "BatteryAlarmStatus\BatteryAlarmStatus.csproj", "{2CAA5068-A3D0-498A-81E0-FE04BC20DFEF}"
EndProject
Global
	GlobalSection(SolutionConfigurationPlatforms) = preSolution
		Debug|Any CPU = Debug|Any CPU
		Release|Any CPU = Release|Any CPU
	EndGlobalSection
	GlobalSection(ProjectConfigurationPlatforms) = postSolution
		{2CAA5068-A3D0-498A-81E0-FE04BC20DFEF}.Debug|Any CPU.ActiveCfg = Debug|Any CPU
		{2CAA5068-A3D0-498A-81E0-FE04BC20DFEF}.Debug|Any CPU.Build.0 = Debug|Any CPU
		{2CAA5068-A3D0-498A-81E0-FE04BC20DFEF}.Release|Any CPU.ActiveCfg = Release|Any CPU
		{2CAA5068-A3D0-498A-81E0-FE04BC20DFEF}.Release|Any CPU.Build.0 = Release|Any CPU
	EndGlobalSection
	GlobalSection(SolutionProperties) = preSolution
		HideSolutionNode = FALSE
	EndGlobalSection
	GlobalSection(ExtensibilityGlobals) = postSolution
		SolutionGuid = {FFC75B95-D2B0-405F-821E-B48772526C0E}
	EndGlobalSection
EndGlobal
